
Microsoft Visual Studio Solution File, Format Version 12.00
# Visual Studio Version 17
VisualStudioVersion = 17.11.35312.102
MinimumVisualStudioVersion = 10.0.40219.1
Project("{FAE04EC0-301F-11D3-BF4B-00C04F79EFBC}") = "ChessUI", "ChessUI\ChessUI.csproj", "{DD73DCD1-F3B0-4E97-A07A-C63CF238B431}"
EndProject
Project("{FAE04EC0-301F-11D3-BF4B-00C04F79EFBC}") = "ChessLogic", "ChessLogic\ChessLogic.csproj", "{A1DBE09F-58AD-4B2D-9C5C-727AD46CB0D5}"
EndProject
Global
	GlobalSection(SolutionConfigurationPlatforms) = preSolution
		Debug|Any CPU = Debug|Any CPU
		Release|Any CPU = Release|Any CPU
	EndGlobalSection
	GlobalSection(ProjectConfigurationPlatforms) = postSolution
		{DD73DCD1-F3B0-4E97-A07A-C63CF238B431}.Debug|Any CPU.ActiveCfg = Debug|Any CPU
		{DD73DCD1-F3B0-4E97-A07A-C63CF238B431}.Debug|Any CPU.Build.0 = Debug|Any CPU
		{DD73DCD1-F3B0-4E97-A07A-C63CF238B431}.Release|Any CPU.ActiveCfg = Release|Any CPU
		{DD73DCD1-F3B0-4E97-A07A-C63CF238B431}.Release|Any CPU.Build.0 = Release|Any CPU
		{A1DBE09F-58AD-4B2D-9C5C-727AD46CB0D5}.Debug|Any CPU.ActiveCfg = Debug|Any CPU
		{A1DBE09F-58AD-4B2D-9C5C-727AD46CB0D5}.Debug|Any CPU.Build.0 = Debug|Any CPU
		{A1DBE09F-58AD-4B2D-9C5C-727AD46CB0D5}.Release|Any CPU.ActiveCfg = Release|Any CPU
		{A1DBE09F-58AD-4B2D-9C5C-727AD46CB0D5}.Release|Any CPU.Build.0 = Release|Any CPU
	EndGlobalSection
	GlobalSection(SolutionProperties) = preSolution
		HideSolutionNode = FALSE
	EndGlobalSection
	GlobalSection(ExtensibilityGlobals) = postSolution
		SolutionGuid = {33EE4CD6-2E7E-4483-A17F-9400876CE3AB}
	EndGlobalSection
EndGlobal
